
Microsoft Visual Studio Solution File, Format Version 12.00
# Visual Studio Version 17
VisualStudioVersion = 17.2.32526.322
MinimumVisualStudioVersion = 10.0.40219.1
Project("{9A19103F-16F7-4668-BE54-9A1E7A4F7556}") = "EITBackend", "EITBackend\EITBackend.csproj", "{C3F76F82-2A53-4B1F-879D-13B9EE93E298}"
EndProject
Global
	GlobalSection(SolutionConfigurationPlatforms) = preSolution
		Debug|Any CPU = Debug|Any CPU
		Release|Any CPU = Release|Any CPU
	EndGlobalSection
	GlobalSection(ProjectConfigurationPlatforms) = postSolution
		{C3F76F82-2A53-4B1F-879D-13B9EE93E298}.Debug|Any CPU.ActiveCfg = Debug|Any CPU
		{C3F76F82-2A53-4B1F-879D-13B9EE93E298}.Debug|Any CPU.Build.0 = Debug|Any CPU
		{C3F76F82-2A53-4B1F-879D-13B9EE93E298}.Release|Any CPU.ActiveCfg = Release|Any CPU
		{C3F76F82-2A53-4B1F-879D-13B9EE93E298}.Release|Any CPU.Build.0 = Release|Any CPU
	EndGlobalSection
	GlobalSection(SolutionProperties) = preSolution
		HideSolutionNode = FALSE
	EndGlobalSection
	GlobalSection(ExtensibilityGlobals) = postSolution
		SolutionGuid = {0D9B7616-04EB-4491-99A7-AAEB91BB5200}
	EndGlobalSection
EndGlobal
