
Microsoft Visual Studio Solution File, Format Version 12.00
# Visual Studio Version 17
VisualStudioVersion = 17.2.32526.322
MinimumVisualStudioVersion = 10.0.40219.1
Project("{FAE04EC0-301F-11D3-BF4B-00C04F79EFBC}") = "EITBackend", "EITBackend\EITBackend.csproj", "{E59AECBD-1DC6-439B-B78D-4A6889860000}"
EndProject
Global
	GlobalSection(SolutionConfigurationPlatforms) = preSolution
		Debug|Any CPU = Debug|Any CPU
		Release|Any CPU = Release|Any CPU
	EndGlobalSection
	GlobalSection(ProjectConfigurationPlatforms) = postSolution
		{E59AECBD-1DC6-439B-B78D-4A6889860000}.Debug|Any CPU.ActiveCfg = Debug|Any CPU
		{E59AECBD-1DC6-439B-B78D-4A6889860000}.Debug|Any CPU.Build.0 = Debug|Any CPU
		{E59AECBD-1DC6-439B-B78D-4A6889860000}.Release|Any CPU.ActiveCfg = Release|Any CPU
		{E59AECBD-1DC6-439B-B78D-4A6889860000}.Release|Any CPU.Build.0 = Release|Any CPU
	EndGlobalSection
	GlobalSection(SolutionProperties) = preSolution
		HideSolutionNode = FALSE
	EndGlobalSection
	GlobalSection(ExtensibilityGlobals) = postSolution
		SolutionGuid = {E252EB5F-75EE-433C-8B79-DC0E727BFB15}
	EndGlobalSection
EndGlobal
